
Microsoft Visual Studio Solution File, Format Version 12.00
# Visual Studio 15
VisualStudioVersion = 15.0.28307.271
MinimumVisualStudioVersion = 10.0.40219.1
Project("{E24C65DC-7377-472B-9ABA-BC803B73C61A}") = "WebSiteTravel", "..\WebSiteTravel\", "{9350783E-3677-4592-AE30-7765BF1FDBC5}"
	ProjectSection(WebsiteProperties) = preProject
		TargetFrameworkMoniker = ".NETFramework,Version%3Dv4.0"
		Debug.AspNetCompiler.VirtualPath = "/localhost_60463"
		Debug.AspNetCompiler.PhysicalPath = "..\WebSiteTravel\"
		Debug.AspNetCompiler.TargetPath = "PrecompiledWeb\localhost_60463\"
		Debug.AspNetCompiler.Updateable = "true"
		Debug.AspNetCompiler.ForceOverwrite = "true"
		Debug.AspNetCompiler.FixedNames = "false"
		Debug.AspNetCompiler.Debug = "True"
		Release.AspNetCompiler.VirtualPath = "/localhost_60463"
		Release.AspNetCompiler.PhysicalPath = "..\WebSiteTravel\"
		Release.AspNetCompiler.TargetPath = "PrecompiledWeb\localhost_60463\"
		Release.AspNetCompiler.Updateable = "true"
		Release.AspNetCompiler.ForceOverwrite = "true"
		Release.AspNetCompiler.FixedNames = "false"
		Release.AspNetCompiler.Debug = "False"
		VWDPort = "60463"
		SlnRelativePath = "..\WebSiteTravel\"
	EndProjectSection
EndProject
Global
	GlobalSection(SolutionConfigurationPlatforms) = preSolution
		Debug|Any CPU = Debug|Any CPU
	EndGlobalSection
	GlobalSection(ProjectConfigurationPlatforms) = postSolution
		{9350783E-3677-4592-AE30-7765BF1FDBC5}.Debug|Any CPU.ActiveCfg = Debug|Any CPU
		{9350783E-3677-4592-AE30-7765BF1FDBC5}.Debug|Any CPU.Build.0 = Debug|Any CPU
	EndGlobalSection
	GlobalSection(SolutionProperties) = preSolution
		HideSolutionNode = FALSE
	EndGlobalSection
	GlobalSection(ExtensibilityGlobals) = postSolution
		SolutionGuid = {5455D8B4-6D66-47A5-827D-2BB9B4613C39}
	EndGlobalSection
EndGlobal
